# This file was autogenerated by Stack.
# You should not edit this file by hand.
# For more information, please see the documentation at:
#   https://docs.haskellstack.org/en/stable/lock_files

packages:
- completed:
    hackage: generic-xmlpickler-0.1.0.6@sha256:d473e7b35714fb48e3c6a3dc33dae3d0b7a3a360893a0d3735302b2b759a3b0e,1606
    pantry-tree:
      size: 444
      sha256: 7432d4d6c3083ad60f0db7ef2029fa21fca3f4d991738fc70c381bc565d43bde
  original:
    hackage: generic-xmlpickler-0.1.0.6
- completed:
    hackage: hxt-relaxng-9.1.5.5@sha256:b725536df8c7e6018936195212b2b6133315fabe28eb9c7a93689dd0fbf0c7c7,2819
    pantry-tree:
      size: 3065
      sha256: a9f5383e4b1f50d4ed9296672debda96d794a34f3cd7742b2ac6579854f54168
  original:
    hackage: hxt-relaxng-9.1.5.5
- completed:
    hackage: hxt-xpath-9.1.2.2@sha256:9cd590ae93a04573db8f90fa4094625ebd97dded45da7667c577ce6b38a42900,1999
    pantry-tree:
      size: 2225
      sha256: aee2f75974e868ff429b8ff349a29667536c60397098f5dfedc968d1951511bb
  original:
    hackage: hxt-xpath-9.1.2.2
- completed:
    hackage: MissingH-1.4.3.0@sha256:7136282773f7b3e7ce3af856b41dde98a04f9b03c51813c98d040fc060dcaa53,4650
    pantry-tree:
      size: 5271
      sha256: b8e1b8f04bde976538303752932ad6a9ada1eacaa1c28fdb514022fc62be80d6
  original:
    hackage: MissingH-1.4.3.0
snapshots:
- completed:
    size: 494635
    url: https://raw.githubusercontent.com/commercialhaskell/stackage-snapshots/master/lts/15/12.yaml
    sha256: a71c4293d8f461f455ff0d9815dfe4ab2f1adacd7e0bbc9a218f46ced8c4929a
  original: lts-15.12
