# This file was autogenerated by Stack.
# You should not edit this file by hand.
# For more information, please see the documentation at:
#   https://docs.haskellstack.org/en/stable/lock_files

packages:
- completed:
    hackage: linearEqSolver-2.3@sha256:20c319cbc471006dcd0c5810d131b6784a7823d02c8af87825a06b0c8906b297,1273
    pantry-tree:
      size: 421
      sha256: 5c37a2067755715ddd3f4f8074b0334dba330729f858deb14f6c5d6fb7ebebbd
  original:
    hackage: linearEqSolver-2.3@sha256:20c319cbc471006dcd0c5810d131b6784a7823d02c8af87825a06b0c8906b297,1273
- completed:
    hackage: sbv-8.6@sha256:1bcd7a8851157a97e44a000498f984fb738e54441f16e8c2e2afcc1d0818e888,19781
    pantry-tree:
      size: 54568
      sha256: ee73d9d941f7d41d21409927a058aed6bb473f3ae4383ef51bd021b80c120bc5
  original:
    hackage: sbv-8.6@sha256:1bcd7a8851157a97e44a000498f984fb738e54441f16e8c2e2afcc1d0818e888,19781
snapshots:
- completed:
    size: 531696
    url: https://raw.githubusercontent.com/commercialhaskell/stackage-snapshots/master/lts/16/3.yaml
    sha256: 65e3a94c65ad07fa1913649e3f1e36c4af51bf528a5d9fd217bdc1b46d0477cc
  original: lts-16.3
