# This file was autogenerated by Stack.
# You should not edit this file by hand.
# For more information, please see the documentation at:
#   https://docs.haskellstack.org/en/stable/lock_files

packages:
- completed:
    hackage: record-dot-preprocessor-0.2.5@sha256:d1ce85ac1f1ce2d108a82032b97734c57f96078bc824527841306ff08e991a68,2401
    pantry-tree:
      size: 945
      sha256: 9f07eb837282755c2a823c65fbc0da1c58084c1297129fa99e7c951e21645d42
  original:
    hackage: record-dot-preprocessor-0.2.5@sha256:d1ce85ac1f1ce2d108a82032b97734c57f96078bc824527841306ff08e991a68,2401
- completed:
    hackage: record-hasfield-1.0@sha256:c7f39b8d3f9299c7361e115e97f3474274b3487233cb155c58eb0bec7625afcb,1477
    pantry-tree:
      size: 441
      sha256: dafde98d4d1c77fd3507e7c0602c888cd79531bc7f0fe0c74b6ca27e34585f55
  original:
    hackage: record-hasfield-1.0@sha256:c7f39b8d3f9299c7361e115e97f3474274b3487233cb155c58eb0bec7625afcb,1477
snapshots:
- completed:
    size: 531701
    url: https://raw.githubusercontent.com/commercialhaskell/stackage-snapshots/master/lts/16/4.yaml
    sha256: d6119cdacc6d6b39c0bb8f6e11e8db6a21e92a38552e0d553414ba346592b53f
  original: lts-16.4
