# This file was autogenerated by Stack.
# You should not edit this file by hand.
# For more information, please see the documentation at:
#   https://docs.haskellstack.org/en/stable/lock_files

packages:
- completed:
    hackage: pretty-tree-0.1.0.0@sha256:49b0e17008f9d30328db2bcc2958f3a7b78d154d2335c2dbaa2073e237b524ae,668
    pantry-tree:
      size: 214
      sha256: 810d2e5cafbecd6d0d0af42b2522d9e55be0241a03a688cdde2cca10490e1b0a
  original:
    hackage: pretty-tree-0.1.0.0@sha256:49b0e17008f9d30328db2bcc2958f3a7b78d154d2335c2dbaa2073e237b524ae,668
snapshots:
- completed:
    size: 532379
    url: https://raw.githubusercontent.com/commercialhaskell/stackage-snapshots/master/lts/16/8.yaml
    sha256: 2ad3210d2ad35f3176005d68369a18e4d984517bfaa2caade76f28ed0b2e0521
  original: lts-16.8
