# This file was autogenerated by Stack.
# You should not edit this file by hand.
# For more information, please see the documentation at:
#   https://docs.haskellstack.org/en/stable/lock_files

packages:
- completed:
    hackage: language-python-0.5.6@sha256:ee38764d4e65a080651081a8e762cfc5dcdc36e540fe2a1a1ee8f726cbb5240d,2515
    pantry-tree:
      sha256: a7f655e31e43d034c7430f532d2f734248340627c41a6998ddbef706159fd2be
      size: 2000
  original:
    hackage: language-python-0.5.6
snapshots:
- completed:
    sha256: fc39d8afc97531d53d87b10abdef593bce503c0c1e46c2e9a84ebcbc78bf8470
    size: 648432
    url: https://raw.githubusercontent.com/commercialhaskell/stackage-snapshots/master/lts/20/2.yaml
  original: lts-20.2
